lockfileVersion: '9.0'

settings:
  autoInstallPeers: true
  excludeLinksFromLockfile: false

importers:

  .:
    dependencies:
      '@types/wechat-miniprogram':
        specifier: ^3.4.9
        version: 3.4.9
      tdesign-miniprogram:
        specifier: ^1.12.1
        version: 1.12.1

packages:

  '@types/wechat-miniprogram@3.4.9':
    resolution: {integrity: sha512-3JONYYpeOnpu507qv9eOZpiF2DIrb6MTM8iYxGE8wjttBa6NOrhxNJdlvGONTx9vVV7jbFAs472qcK2s2C37VA==}

  tdesign-miniprogram@1.12.1:
    resolution: {integrity: sha512-L2w/6lqVXSCtptvlPGlY91dutMb3dJlx9rFpmpLRtG7c7v1l89rIhvgLRgsaBcwTA5btdB8VXGXpTVj621bv5w==}

snapshots:

  '@types/wechat-miniprogram@3.4.9': {}

  tdesign-miniprogram@1.12.1: {}
